{
  "name": "windchill-frontend",
  "version": "1.0.0",
  "lockfileVersion": 3,
  "requires": true,
  "packages": {
    "": {
      "name": "windchill-frontend",
      "version": "1.0.0",
      "dependencies": {
        "react": "^18.2.0",
        "react-dom": "^18.2.0",
        "react-router-dom": "^6.14.0",
        "axios": "^1.4.0"
      },
      "devDependencies": {
        "@types/react": "^18.0.28",
        "@types/react-dom": "^18.0.11",
        "@vitejs/plugin-react": "^4.0.0",
        "vite": "^4.3.9"
      }
    },
    "node_modules/react": {
      "version": "18.2.0",
      "resolved": "https://registry.npmjs.org/react/-/react-18.2.0.tgz",
      "integrity": "sha512-/3IjMdb2cLgnAawIWJqwwQvXxMuc9TwPmsFLksksSuzLxjI+go7KwnyGabriel9ZLXo5SEjmKfm6+qzoJkP9Eg==",
      "dependencies": {
        "loose-envify": "^1.1.0"
      },
      "engines": {
        "node": ">=0.10.0"
      }
    },
    "node_modules/react-dom": {
      "version": "18.2.0",
      "resolved": "https://registry.npmjs.org/react-dom/-/react-dom-18.2.0.tgz",
      "integrity": "sha512-6IMTriUmvsjHUjNtEDudZfuSQc+Sh/OlDE3L96PwKLW7gKoDJ+Zp0T5q8DZ7f59ToETNT/bCavz6fctvtg7uVw==",
      "dependencies": {
        "loose-envify": "^1.1.0",
        "scheduler": "^0.23.0"
      }
    },
    "node_modules/react-router-dom": {
      "version": "6.14.2",
      "resolved": "https://registry.npmjs.org/react-router-dom/-/react-router-dom-6.14.2.tgz",
      "integrity": "sha512-5lfHcXwLSeuAML0ANWzmOhMVzhEm0vnRr5XjhLTVMxphfmDjzrw/+54+GrXKS2ZG5O8sN9eHXrP9ZO/z4sPk5A==",
      "dependencies": {
        "react-router": "6.14.2"
      }
    },
    "node_modules/axios": {
      "version": "1.4.0",
      "resolved": "https://registry.npmjs.org/axios/-/axios-1.4.0.tgz",
      "integrity": "sha512-S4/35V6JSIqT+SwNKM+R53PAN+k51earM0ivLeFzyZkADK5l5bYGY1jglSCcqqrvRK6SNR21efAGAoagBQhwzA=="
    },
    "node_modules/vite": {
      "version": "4.3.9",
      "resolved": "https://registry.npmjs.org/vite/-/vite-4.3.9.tgz",
      "integrity": "sha512-qsTNZjO9NoJNW7KewFceIsVMDjuCPDkoW7yIqGnUc4xqqqpNE2qbsAxHQMd4I0Go+b0vGgMJza+SULX7qu+IRw==",
      "dev": true
    },
    "node_modules/@vitejs/plugin-react": {
      "version": "4.0.3",
      "resolved": "https://registry.npmjs.org/@vitejs/plugin-react/-/plugin-react-4.0.3.tgz",
      "integrity": "sha512-f6RplAFcWOj4I4spxlHEPzqZ5CkFrD3kG7V0dzI3rIpnJbVBZkUXMxWQG16R2S5PU3t5ZlF7u0JVQM45qYdY5Q==",
      "dev": true,
      "peerDependencies": {
        "vite": "^4.0.0"
      }
    },
    "node_modules/@types/react": {
      "version": "18.0.28",
      "resolved": "https://registry.npmjs.org/@types/react/-/react-18.0.28.tgz",
      "integrity": "sha512-RD0gVk2r+U01G8/6g74W+ggGCnFAUC3n8L0Y3qVhcU1J67IQlTaWl9P0F6l3qDxC3MZMJn/vKMLVLBEzhDDuA==",
      "dev": true
    },
    "node_modules/@types/react-dom": {
      "version": "18.0.11",
      "resolved": "https://registry.npmjs.org/@types/react-dom/-/react-dom-18.0.11.tgz",
      "integrity": "sha512-O38bPbI2CRnD4pXsZ9NycXryUZxnKa6mQZ1hQO5LDretto5ZPy8ZH23LjVjkTH8WFRrfnUIAxEryYAWNQMqnA==",
      "dev": true
    },
    "node_modules/scheduler": {
      "version": "0.23.0",
      "resolved": "https://registry.npmjs.org/scheduler/-/scheduler-0.23.0.tgz",
      "integrity": "sha512-CtutvjYmsBx3/pWWf0O4Z5gLcGH91kV38swDH+d0Ht310ZL+wVNrP4PJfAbtPbegaW+OecvQ7MItzqsugA4Fsw=="
    },
    "node_modules/loose-envify": {
      "version": "1.4.0",
      "resolved": "https://registry.npmjs.org/loose-envify/-/loose-envify-1.4.0.tgz",
      "integrity": "sha512-lyuxPGr/wvjc4dAvnqXO/mwBjhorn1grQv+Fc21tqXkmS5R8Z3bCaDxyC8HxSW9NyE8Y2ifzlwtKpsAlte37w0w=="
    },
    "node_modules/react-router": {
      "version": "6.14.2",
      "resolved": "https://registry.npmjs.org/react-router/-/react-router-6.14.2.tgz",
      "integrity": "sha512-09Zbt8KakyuvsPLH1KeMXe1moujibDfbHwt9uz7LEtyFql71i/zDaf/t/mxkzs/0VnkLH2+Z5k4n3Fxlt3H2sA=="
    }
  }
}
